
Microsoft Visual Studio Solution File, Format Version 12.00
# Visual Studio Version 17
VisualStudioVersion = 17.4.33122.133
MinimumVisualStudioVersion = 10.0.40219.1
Project("{9A19103F-16F7-4668-BE54-9A1E7A4F7556}") = "DataSupport", "DataSupport\DataSupport.csproj", "{445A434C-73F1-4720-A2B5-B2C6383C63DF}"
EndProject
Project("{2150E333-8FDC-42A3-9474-1A3956D46DE8}") = "Элементы решения", "Элементы решения", "{52765E9C-10E8-4F02-9BAC-6D8A28256F97}"
	ProjectSection(SolutionItems) = preProject
		ShopApp.txt = ShopApp.txt
	EndProjectSection
EndProject
Project("{FAE04EC0-301F-11D3-BF4B-00C04F79EFBC}") = "ShopData", "ShopData\ShopData.csproj", "{B3CB7ECB-B7AE-4199-B1DD-8FB6FE1638B3}"
EndProject
Global
	GlobalSection(SolutionConfigurationPlatforms) = preSolution
		Debug|Any CPU = Debug|Any CPU
		Release|Any CPU = Release|Any CPU
	EndGlobalSection
	GlobalSection(ProjectConfigurationPlatforms) = postSolution
		{445A434C-73F1-4720-A2B5-B2C6383C63DF}.Debug|Any CPU.ActiveCfg = Debug|Any CPU
		{445A434C-73F1-4720-A2B5-B2C6383C63DF}.Debug|Any CPU.Build.0 = Debug|Any CPU
		{445A434C-73F1-4720-A2B5-B2C6383C63DF}.Release|Any CPU.ActiveCfg = Release|Any CPU
		{445A434C-73F1-4720-A2B5-B2C6383C63DF}.Release|Any CPU.Build.0 = Release|Any CPU
		{B3CB7ECB-B7AE-4199-B1DD-8FB6FE1638B3}.Debug|Any CPU.ActiveCfg = Debug|Any CPU
		{B3CB7ECB-B7AE-4199-B1DD-8FB6FE1638B3}.Debug|Any CPU.Build.0 = Debug|Any CPU
		{B3CB7ECB-B7AE-4199-B1DD-8FB6FE1638B3}.Release|Any CPU.ActiveCfg = Release|Any CPU
		{B3CB7ECB-B7AE-4199-B1DD-8FB6FE1638B3}.Release|Any CPU.Build.0 = Release|Any CPU
	EndGlobalSection
	GlobalSection(SolutionProperties) = preSolution
		HideSolutionNode = FALSE
	EndGlobalSection
	GlobalSection(ExtensibilityGlobals) = postSolution
		SolutionGuid = {2C437D80-EE17-474B-9DEC-8AAC5289FB7C}
	EndGlobalSection
EndGlobal
